
Microsoft Visual Studio Solution File, Format Version 12.00
# Visual Studio Version 16
VisualStudioVersion = 16.0.30717.126
MinimumVisualStudioVersion = 10.0.40219.1
Project("{9A19103F-16F7-4668-BE54-9A1E7A4F7556}") = "KampIntro", "KampIntro\KampIntro.csproj", "{16A61E8A-DF03-41D7-9171-D1CED6A54D8B}"
EndProject
Project("{9A19103F-16F7-4668-BE54-9A1E7A4F7556}") = "Donguler", "Donguler\Donguler.csproj", "{765CF593-3052-4BEE-9133-9063A256F655}"
EndProject
Project("{9A19103F-16F7-4668-BE54-9A1E7A4F7556}") = "ClassIntro", "ClassIntro\ClassIntro.csproj", "{1A00F511-6A61-46A6-823E-1420B45D0A27}"
EndProject
Project("{9A19103F-16F7-4668-BE54-9A1E7A4F7556}") = "Metotlar", "Metotlar\Metotlar.csproj", "{E69B58FC-0EBB-4F84-826F-EC8F124EB79E}"
EndProject
Project("{9A19103F-16F7-4668-BE54-9A1E7A4F7556}") = "Matematik", "Matematik\Matematik.csproj", "{C3F3F9F4-5815-4B2E-B68E-4E1550DF569B}"
EndProject
Project("{9A19103F-16F7-4668-BE54-9A1E7A4F7556}") = "DegerVeReferansTipler", "DegerVeReferansTipler\DegerVeReferansTipler.csproj", "{13E482C1-085B-4B96-9F4C-08190520D921}"
EndProject
Project("{9A19103F-16F7-4668-BE54-9A1E7A4F7556}") = "OOP1", "OOP1\OOP1.csproj", "{CE4F6FC9-8BF6-4DB3-81ED-43341CCFCEFC}"
EndProject
Project("{FAE04EC0-301F-11D3-BF4B-00C04F79EFBC}") = "Koleksiyonlar", "Koleksiyonlar\Koleksiyonlar.csproj", "{895E7048-1246-4FE7-8AA7-D31D360A6942}"
EndProject
Project("{FAE04EC0-301F-11D3-BF4B-00C04F79EFBC}") = "GenericsIntro", "GenericsIntro\GenericsIntro.csproj", "{447B89BB-E732-4D63-9B11-2F7A926891B9}"
EndProject
Global
	GlobalSection(SolutionConfigurationPlatforms) = preSolution
		Debug|Any CPU = Debug|Any CPU
		Release|Any CPU = Release|Any CPU
	EndGlobalSection
	GlobalSection(ProjectConfigurationPlatforms) = postSolution
		{16A61E8A-DF03-41D7-9171-D1CED6A54D8B}.Debug|Any CPU.ActiveCfg = Debug|Any CPU
		{16A61E8A-DF03-41D7-9171-D1CED6A54D8B}.Debug|Any CPU.Build.0 = Debug|Any CPU
		{16A61E8A-DF03-41D7-9171-D1CED6A54D8B}.Release|Any CPU.ActiveCfg = Release|Any CPU
		{16A61E8A-DF03-41D7-9171-D1CED6A54D8B}.Release|Any CPU.Build.0 = Release|Any CPU
		{765CF593-3052-4BEE-9133-9063A256F655}.Debug|Any CPU.ActiveCfg = Debug|Any CPU
		{765CF593-3052-4BEE-9133-9063A256F655}.Debug|Any CPU.Build.0 = Debug|Any CPU
		{765CF593-3052-4BEE-9133-9063A256F655}.Release|Any CPU.ActiveCfg = Release|Any CPU
		{765CF593-3052-4BEE-9133-9063A256F655}.Release|Any CPU.Build.0 = Release|Any CPU
		{1A00F511-6A61-46A6-823E-1420B45D0A27}.Debug|Any CPU.ActiveCfg = Debug|Any CPU
		{1A00F511-6A61-46A6-823E-1420B45D0A27}.Debug|Any CPU.Build.0 = Debug|Any CPU
		{1A00F511-6A61-46A6-823E-1420B45D0A27}.Release|Any CPU.ActiveCfg = Release|Any CPU
		{1A00F511-6A61-46A6-823E-1420B45D0A27}.Release|Any CPU.Build.0 = Release|Any CPU
		{E69B58FC-0EBB-4F84-826F-EC8F124EB79E}.Debug|Any CPU.ActiveCfg = Debug|Any CPU
		{E69B58FC-0EBB-4F84-826F-EC8F124EB79E}.Debug|Any CPU.Build.0 = Debug|Any CPU
		{E69B58FC-0EBB-4F84-826F-EC8F124EB79E}.Release|Any CPU.ActiveCfg = Release|Any CPU
		{E69B58FC-0EBB-4F84-826F-EC8F124EB79E}.Release|Any CPU.Build.0 = Release|Any CPU
		{C3F3F9F4-5815-4B2E-B68E-4E1550DF569B}.Debug|Any CPU.ActiveCfg = Debug|Any CPU
		{C3F3F9F4-5815-4B2E-B68E-4E1550DF569B}.Debug|Any CPU.Build.0 = Debug|Any CPU
		{C3F3F9F4-5815-4B2E-B68E-4E1550DF569B}.Release|Any CPU.ActiveCfg = Release|Any CPU
		{C3F3F9F4-5815-4B2E-B68E-4E1550DF569B}.Release|Any CPU.Build.0 = Release|Any CPU
		{13E482C1-085B-4B96-9F4C-08190520D921}.Debug|Any CPU.ActiveCfg = Debug|Any CPU
		{13E482C1-085B-4B96-9F4C-08190520D921}.Debug|Any CPU.Build.0 = Debug|Any CPU
		{13E482C1-085B-4B96-9F4C-08190520D921}.Release|Any CPU.ActiveCfg = Release|Any CPU
		{13E482C1-085B-4B96-9F4C-08190520D921}.Release|Any CPU.Build.0 = Release|Any CPU
		{CE4F6FC9-8BF6-4DB3-81ED-43341CCFCEFC}.Debug|Any CPU.ActiveCfg = Debug|Any CPU
		{CE4F6FC9-8BF6-4DB3-81ED-43341CCFCEFC}.Debug|Any CPU.Build.0 = Debug|Any CPU
		{CE4F6FC9-8BF6-4DB3-81ED-43341CCFCEFC}.Release|Any CPU.ActiveCfg = Release|Any CPU
		{CE4F6FC9-8BF6-4DB3-81ED-43341CCFCEFC}.Release|Any CPU.Build.0 = Release|Any CPU
		{895E7048-1246-4FE7-8AA7-D31D360A6942}.Debug|Any CPU.ActiveCfg = Debug|Any CPU
		{895E7048-1246-4FE7-8AA7-D31D360A6942}.Debug|Any CPU.Build.0 = Debug|Any CPU
		{895E7048-1246-4FE7-8AA7-D31D360A6942}.Release|Any CPU.ActiveCfg = Release|Any CPU
		{895E7048-1246-4FE7-8AA7-D31D360A6942}.Release|Any CPU.Build.0 = Release|Any CPU
		{447B89BB-E732-4D63-9B11-2F7A926891B9}.Debug|Any CPU.ActiveCfg = Debug|Any CPU
		{447B89BB-E732-4D63-9B11-2F7A926891B9}.Debug|Any CPU.Build.0 = Debug|Any CPU
		{447B89BB-E732-4D63-9B11-2F7A926891B9}.Release|Any CPU.ActiveCfg = Release|Any CPU
		{447B89BB-E732-4D63-9B11-2F7A926891B9}.Release|Any CPU.Build.0 = Release|Any CPU
	EndGlobalSection
	GlobalSection(SolutionProperties) = preSolution
		HideSolutionNode = FALSE
	EndGlobalSection
	GlobalSection(ExtensibilityGlobals) = postSolution
		SolutionGuid = {AC33FF6A-A8EC-42DB-8EAB-811DD72A6EB3}
	EndGlobalSection
EndGlobal
